
Microsoft Visual Studio Solution File, Format Version 12.00
# Visual Studio Version 17
VisualStudioVersion = 17.0.31903.59
MinimumVisualStudioVersion = 10.0.40219.1
Project("{FAE04EC0-301F-11D3-BF4B-00C04F79EFBC}") = "Cosmic.Desktop", "Cosmic.Desktop\Cosmic.Desktop.csproj", "{1913EE47-E81D-4E39-B3F7-B55996F27705}"
EndProject
Project("{FAE04EC0-301F-11D3-BF4B-00C04F79EFBC}") = "Cosmic.Core", "Cosmic.Core\Cosmic.Core.csproj", "{D6FB8BE4-3D70-437D-A42D-023413D584EB}"
EndProject
Project("{FAE04EC0-301F-11D3-BF4B-00C04F79EFBC}") = "Cosmic.Graphics", "Cosmic.Graphics\Cosmic.Graphics.csproj", "{A98D4BAD-9546-41E1-BD33-349CEC355F04}"
EndProject
Global
	GlobalSection(SolutionConfigurationPlatforms) = preSolution
		Debug|Any CPU = Debug|Any CPU
		Release|Any CPU = Release|Any CPU
	EndGlobalSection
	GlobalSection(SolutionProperties) = preSolution
		HideSolutionNode = FALSE
	EndGlobalSection
	GlobalSection(ProjectConfigurationPlatforms) = postSolution
		{1913EE47-E81D-4E39-B3F7-B55996F27705}.Debug|Any CPU.ActiveCfg = Debug|Any CPU
		{1913EE47-E81D-4E39-B3F7-B55996F27705}.Debug|Any CPU.Build.0 = Debug|Any CPU
		{1913EE47-E81D-4E39-B3F7-B55996F27705}.Release|Any CPU.ActiveCfg = Release|Any CPU
		{1913EE47-E81D-4E39-B3F7-B55996F27705}.Release|Any CPU.Build.0 = Release|Any CPU
		{D6FB8BE4-3D70-437D-A42D-023413D584EB}.Debug|Any CPU.ActiveCfg = Debug|Any CPU
		{D6FB8BE4-3D70-437D-A42D-023413D584EB}.Debug|Any CPU.Build.0 = Debug|Any CPU
		{D6FB8BE4-3D70-437D-A42D-023413D584EB}.Release|Any CPU.ActiveCfg = Release|Any CPU
		{D6FB8BE4-3D70-437D-A42D-023413D584EB}.Release|Any CPU.Build.0 = Release|Any CPU
		{A98D4BAD-9546-41E1-BD33-349CEC355F04}.Debug|Any CPU.ActiveCfg = Debug|Any CPU
		{A98D4BAD-9546-41E1-BD33-349CEC355F04}.Debug|Any CPU.Build.0 = Debug|Any CPU
		{A98D4BAD-9546-41E1-BD33-349CEC355F04}.Release|Any CPU.ActiveCfg = Release|Any CPU
		{A98D4BAD-9546-41E1-BD33-349CEC355F04}.Release|Any CPU.Build.0 = Release|Any CPU
	EndGlobalSection
EndGlobal
